
Microsoft Visual Studio Solution File, Format Version 12.00
# Visual Studio 15
VisualStudioVersion = 15.0.27703.2047
MinimumVisualStudioVersion = 10.0.40219.1
Project("{FAE04EC0-301F-11D3-BF4B-00C04F79EFBC}") = "XamTest.Android", "XamTest\XamTest.Android\XamTest.Android.csproj", "{8EC7FA57-1A13-4E99-BB0B-910648C18232}"
EndProject
Project("{FAE04EC0-301F-11D3-BF4B-00C04F79EFBC}") = "XamTest.iOS", "XamTest\XamTest.iOS\XamTest.iOS.csproj", "{8CB7418B-C1C2-43EA-8CCB-DD1A9F0A9BB0}"
EndProject
Project("{FAE04EC0-301F-11D3-BF4B-00C04F79EFBC}") = "XamTest.UWP", "XamTest\XamTest.UWP\XamTest.UWP.csproj", "{EE8969E4-09AC-4596-A508-9E8DE9CA1461}"
EndProject
Project("{D954291E-2A0B-460D-934E-DC6B0785DB48}") = "XamTest", "XamTest\XamTest\XamTest.shproj", "{F76A82CF-7F54-4565-80A0-2249C541F713}"
EndProject
Project("{FAE04EC0-301F-11D3-BF4B-00C04F79EFBC}") = "PICSWS", "PICSWS\PICSWS.csproj", "{3461496C-0902-40C8-AD97-31AA5CEBCE4D}"
EndProject
Global
	GlobalSection(SharedMSBuildProjectFiles) = preSolution
		XamTest\XamTest\XamTest.projitems*{8cb7418b-c1c2-43ea-8ccb-dd1a9f0a9bb0}*SharedItemsImports = 4
		XamTest\XamTest\XamTest.projitems*{8ec7fa57-1a13-4e99-bb0b-910648c18232}*SharedItemsImports = 4
		XamTest\XamTest\XamTest.projitems*{ee8969e4-09ac-4596-a508-9e8de9ca1461}*SharedItemsImports = 4
		XamTest\XamTest\XamTest.projitems*{f76a82cf-7f54-4565-80a0-2249c541f713}*SharedItemsImports = 13
	EndGlobalSection
	GlobalSection(SolutionConfigurationPlatforms) = preSolution
		Ad-Hoc|Any CPU = Ad-Hoc|Any CPU
		Ad-Hoc|ARM = Ad-Hoc|ARM
		Ad-Hoc|iPhone = Ad-Hoc|iPhone
		Ad-Hoc|iPhoneSimulator = Ad-Hoc|iPhoneSimulator
		Ad-Hoc|x64 = Ad-Hoc|x64
		Ad-Hoc|x86 = Ad-Hoc|x86
		AppStore|Any CPU = AppStore|Any CPU
		AppStore|ARM = AppStore|ARM
		AppStore|iPhone = AppStore|iPhone
		AppStore|iPhoneSimulator = AppStore|iPhoneSimulator
		AppStore|x64 = AppStore|x64
		AppStore|x86 = AppStore|x86
		Debug|Any CPU = Debug|Any CPU
		Debug|ARM = Debug|ARM
		Debug|iPhone = Debug|iPhone
		Debug|iPhoneSimulator = Debug|iPhoneSimulator
		Debug|x64 = Debug|x64
		Debug|x86 = Debug|x86
		Release|Any CPU = Release|Any CPU
		Release|ARM = Release|ARM
		Release|iPhone = Release|iPhone
		Release|iPhoneSimulator = Release|iPhoneSimulator
		Release|x64 = Release|x64
		Release|x86 = Release|x86
	EndGlobalSection
	GlobalSection(ProjectConfigurationPlatforms) = postSolution
		{8EC7FA57-1A13-4E99-BB0B-910648C18232}.Ad-Hoc|Any CPU.ActiveCfg = Release|Any CPU
		{8EC7FA57-1A13-4E99-BB0B-910648C18232}.Ad-Hoc|Any CPU.Build.0 = Release|Any CPU
		{8EC7FA57-1A13-4E99-BB0B-910648C18232}.Ad-Hoc|Any CPU.Deploy.0 = Release|Any CPU
		{8EC7FA57-1A13-4E99-BB0B-910648C18232}.Ad-Hoc|ARM.ActiveCfg = Release|Any CPU
		{8EC7FA57-1A13-4E99-BB0B-910648C18232}.Ad-Hoc|ARM.Build.0 = Release|Any CPU
		{8EC7FA57-1A13-4E99-BB0B-910648C18232}.Ad-Hoc|ARM.Deploy.0 = Release|Any CPU
		{8EC7FA57-1A13-4E99-BB0B-910648C18232}.Ad-Hoc|iPhone.ActiveCfg = Release|Any CPU
		{8EC7FA57-1A13-4E99-BB0B-910648C18232}.Ad-Hoc|iPhone.Build.0 = Release|Any CPU
		{8EC7FA57-1A13-4E99-BB0B-910648C18232}.Ad-Hoc|iPhone.Deploy.0 = Release|Any CPU
		{8EC7FA57-1A13-4E99-BB0B-910648C18232}.Ad-Hoc|iPhoneSimulator.ActiveCfg = Release|Any CPU
		{8EC7FA57-1A13-4E99-BB0B-910648C18232}.Ad-Hoc|iPhoneSimulator.Build.0 = Release|Any CPU
		{8EC7FA57-1A13-4E99-BB0B-910648C18232}.Ad-Hoc|iPhoneSimulator.Deploy.0 = Release|Any CPU
		{8EC7FA57-1A13-4E99-BB0B-910648C18232}.Ad-Hoc|x64.ActiveCfg = Release|Any CPU
		{8EC7FA57-1A13-4E99-BB0B-910648C18232}.Ad-Hoc|x64.Build.0 = Release|Any CPU
		{8EC7FA57-1A13-4E99-BB0B-910648C18232}.Ad-Hoc|x64.Deploy.0 = Release|Any CPU
		{8EC7FA57-1A13-4E99-BB0B-910648C18232}.Ad-Hoc|x86.ActiveCfg = Release|Any CPU
		{8EC7FA57-1A13-4E99-BB0B-910648C18232}.Ad-Hoc|x86.Build.0 = Release|Any CPU
		{8EC7FA57-1A13-4E99-BB0B-910648C18232}.Ad-Hoc|x86.Deploy.0 = Release|Any CPU
		{8EC7FA57-1A13-4E99-BB0B-910648C18232}.AppStore|Any CPU.ActiveCfg = Release|Any CPU
		{8EC7FA57-1A13-4E99-BB0B-910648C18232}.AppStore|Any CPU.Build.0 = Release|Any CPU
		{8EC7FA57-1A13-4E99-BB0B-910648C18232}.AppStore|Any CPU.Deploy.0 = Release|Any CPU
		{8EC7FA57-1A13-4E99-BB0B-910648C18232}.AppStore|ARM.ActiveCfg = Release|Any CPU
		{8EC7FA57-1A13-4E99-BB0B-910648C18232}.AppStore|ARM.Build.0 = Release|Any CPU
		{8EC7FA57-1A13-4E99-BB0B-910648C18232}.AppStore|ARM.Deploy.0 = Release|Any CPU
		{8EC7FA57-1A13-4E99-BB0B-910648C18232}.AppStore|iPhone.ActiveCfg = Release|Any CPU
		{8EC7FA57-1A13-4E99-BB0B-910648C18232}.AppStore|iPhone.Build.0 = Release|Any CPU
		{8EC7FA57-1A13-4E99-BB0B-910648C18232}.AppStore|iPhone.Deploy.0 = Release|Any CPU
		{8EC7FA57-1A13-4E99-BB0B-910648C18232}.AppStore|iPhoneSimulator.ActiveCfg = Release|Any CPU
		{8EC7FA57-1A13-4E99-BB0B-910648C18232}.AppStore|iPhoneSimulator.Build.0 = Release|Any CPU
		{8EC7FA57-1A13-4E99-BB0B-910648C18232}.AppStore|iPhoneSimulator.Deploy.0 = Release|Any CPU
		{8EC7FA57-1A13-4E99-BB0B-910648C18232}.AppStore|x64.ActiveCfg = Release|Any CPU
		{8EC7FA57-1A13-4E99-BB0B-910648C18232}.AppStore|x64.Build.0 = Release|Any CPU
		{8EC7FA57-1A13-4E99-BB0B-910648C18232}.AppStore|x64.Deploy.0 = Release|Any CPU
		{8EC7FA57-1A13-4E99-BB0B-910648C18232}.AppStore|x86.ActiveCfg = Release|Any CPU
		{8EC7FA57-1A13-4E99-BB0B-910648C18232}.AppStore|x86.Build.0 = Release|Any CPU
		{8EC7FA57-1A13-4E99-BB0B-910648C18232}.AppStore|x86.Deploy.0 = Release|Any CPU
		{8EC7FA57-1A13-4E99-BB0B-910648C18232}.Debug|Any CPU.ActiveCfg = Debug|Any CPU
		{8EC7FA57-1A13-4E99-BB0B-910648C18232}.Debug|Any CPU.Build.0 = Debug|Any CPU
		{8EC7FA57-1A13-4E99-BB0B-910648C18232}.Debug|Any CPU.Deploy.0 = Debug|Any CPU
		{8EC7FA57-1A13-4E99-BB0B-910648C18232}.Debug|ARM.ActiveCfg = Debug|Any CPU
		{8EC7FA57-1A13-4E99-BB0B-910648C18232}.Debug|ARM.Build.0 = Debug|Any CPU
		{8EC7FA57-1A13-4E99-BB0B-910648C18232}.Debug|ARM.Deploy.0 = Debug|Any CPU
		{8EC7FA57-1A13-4E99-BB0B-910648C18232}.Debug|iPhone.ActiveCfg = Debug|Any CPU
		{8EC7FA57-1A13-4E99-BB0B-910648C18232}.Debug|iPhone.Build.0 = Debug|Any CPU
		{8EC7FA57-1A13-4E99-BB0B-910648C18232}.Debug|iPhone.Deploy.0 = Debug|Any CPU
		{8EC7FA57-1A13-4E99-BB0B-910648C18232}.Debug|iPhoneSimulator.ActiveCfg = Debug|Any CPU
		{8EC7FA57-1A13-4E99-BB0B-910648C18232}.Debug|iPhoneSimulator.Build.0 = Debug|Any CPU
		{8EC7FA57-1A13-4E99-BB0B-910648C18232}.Debug|iPhoneSimulator.Deploy.0 = Debug|Any CPU
		{8EC7FA57-1A13-4E99-BB0B-910648C18232}.Debug|x64.ActiveCfg = Debug|Any CPU
		{8EC7FA57-1A13-4E99-BB0B-910648C18232}.Debug|x64.Build.0 = Debug|Any CPU
		{8EC7FA57-1A13-4E99-BB0B-910648C18232}.Debug|x64.Deploy.0 = Debug|Any CPU
		{8EC7FA57-1A13-4E99-BB0B-910648C18232}.Debug|x86.ActiveCfg = Debug|Any CPU
		{8EC7FA57-1A13-4E99-BB0B-910648C18232}.Debug|x86.Build.0 = Debug|Any CPU
		{8EC7FA57-1A13-4E99-BB0B-910648C18232}.Debug|x86.Deploy.0 = Debug|Any CPU
		{8EC7FA57-1A13-4E99-BB0B-910648C18232}.Release|Any CPU.ActiveCfg = Release|Any CPU
		{8EC7FA57-1A13-4E99-BB0B-910648C18232}.Release|Any CPU.Build.0 = Release|Any CPU
		{8EC7FA57-1A13-4E99-BB0B-910648C18232}.Release|Any CPU.Deploy.0 = Release|Any CPU
		{8EC7FA57-1A13-4E99-BB0B-910648C18232}.Release|ARM.ActiveCfg = Release|Any CPU
		{8EC7FA57-1A13-4E99-BB0B-910648C18232}.Release|ARM.Build.0 = Release|Any CPU
		{8EC7FA57-1A13-4E99-BB0B-910648C18232}.Release|ARM.Deploy.0 = Release|Any CPU
		{8EC7FA57-1A13-4E99-BB0B-910648C18232}.Release|iPhone.ActiveCfg = Release|Any CPU
		{8EC7FA57-1A13-4E99-BB0B-910648C18232}.Release|iPhone.Build.0 = Release|Any CPU
		{8EC7FA57-1A13-4E99-BB0B-910648C18232}.Release|iPhone.Deploy.0 = Release|Any CPU
		{8EC7FA57-1A13-4E99-BB0B-910648C18232}.Release|iPhoneSimulator.ActiveCfg = Release|Any CPU
		{8EC7FA57-1A13-4E99-BB0B-910648C18232}.Release|iPhoneSimulator.Build.0 = Release|Any CPU
		{8EC7FA57-1A13-4E99-BB0B-910648C18232}.Release|iPhoneSimulator.Deploy.0 = Release|Any CPU
		{8EC7FA57-1A13-4E99-BB0B-910648C18232}.Release|x64.ActiveCfg = Release|Any CPU
		{8EC7FA57-1A13-4E99-BB0B-910648C18232}.Release|x64.Build.0 = Release|Any CPU
		{8EC7FA57-1A13-4E99-BB0B-910648C18232}.Release|x64.Deploy.0 = Release|Any CPU
		{8EC7FA57-1A13-4E99-BB0B-910648C18232}.Release|x86.ActiveCfg = Release|Any CPU
		{8EC7FA57-1A13-4E99-BB0B-910648C18232}.Release|x86.Build.0 = Release|Any CPU
		{8EC7FA57-1A13-4E99-BB0B-910648C18232}.Release|x86.Deploy.0 = Release|Any CPU
		{8CB7418B-C1C2-43EA-8CCB-DD1A9F0A9BB0}.Ad-Hoc|Any CPU.ActiveCfg = Ad-Hoc|iPhone
		{8CB7418B-C1C2-43EA-8CCB-DD1A9F0A9BB0}.Ad-Hoc|Any CPU.Build.0 = Ad-Hoc|iPhone
		{8CB7418B-C1C2-43EA-8CCB-DD1A9F0A9BB0}.Ad-Hoc|Any CPU.Deploy.0 = Ad-Hoc|iPhone
		{8CB7418B-C1C2-43EA-8CCB-DD1A9F0A9BB0}.Ad-Hoc|ARM.ActiveCfg = Ad-Hoc|iPhone
		{8CB7418B-C1C2-43EA-8CCB-DD1A9F0A9BB0}.Ad-Hoc|ARM.Build.0 = Ad-Hoc|iPhone
		{8CB7418B-C1C2-43EA-8CCB-DD1A9F0A9BB0}.Ad-Hoc|ARM.Deploy.0 = Ad-Hoc|iPhone
		{8CB7418B-C1C2-43EA-8CCB-DD1A9F0A9BB0}.Ad-Hoc|iPhone.ActiveCfg = Ad-Hoc|iPhone
		{8CB7418B-C1C2-43EA-8CCB-DD1A9F0A9BB0}.Ad-Hoc|iPhone.Build.0 = Ad-Hoc|iPhone
		{8CB7418B-C1C2-43EA-8CCB-DD1A9F0A9BB0}.Ad-Hoc|iPhone.Deploy.0 = Ad-Hoc|iPhone
		{8CB7418B-C1C2-43EA-8CCB-DD1A9F0A9BB0}.Ad-Hoc|iPhoneSimulator.ActiveCfg = Ad-Hoc|iPhoneSimulator
		{8CB7418B-C1C2-43EA-8CCB-DD1A9F0A9BB0}.Ad-Hoc|iPhoneSimulator.Build.0 = Ad-Hoc|iPhoneSimulator
		{8CB7418B-C1C2-43EA-8CCB-DD1A9F0A9BB0}.Ad-Hoc|iPhoneSimulator.Deploy.0 = Ad-Hoc|iPhoneSimulator
		{8CB7418B-C1C2-43EA-8CCB-DD1A9F0A9BB0}.Ad-Hoc|x64.ActiveCfg = Ad-Hoc|iPhone
		{8CB7418B-C1C2-43EA-8CCB-DD1A9F0A9BB0}.Ad-Hoc|x64.Build.0 = Ad-Hoc|iPhone
		{8CB7418B-C1C2-43EA-8CCB-DD1A9F0A9BB0}.Ad-Hoc|x64.Deploy.0 = Ad-Hoc|iPhone
		{8CB7418B-C1C2-43EA-8CCB-DD1A9F0A9BB0}.Ad-Hoc|x86.ActiveCfg = Ad-Hoc|iPhone
		{8CB7418B-C1C2-43EA-8CCB-DD1A9F0A9BB0}.Ad-Hoc|x86.Build.0 = Ad-Hoc|iPhone
		{8CB7418B-C1C2-43EA-8CCB-DD1A9F0A9BB0}.Ad-Hoc|x86.Deploy.0 = Ad-Hoc|iPhone
		{8CB7418B-C1C2-43EA-8CCB-DD1A9F0A9BB0}.AppStore|Any CPU.ActiveCfg = AppStore|iPhone
		{8CB7418B-C1C2-43EA-8CCB-DD1A9F0A9BB0}.AppStore|Any CPU.Build.0 = AppStore|iPhone
		{8CB7418B-C1C2-43EA-8CCB-DD1A9F0A9BB0}.AppStore|Any CPU.Deploy.0 = AppStore|iPhone
		{8CB7418B-C1C2-43EA-8CCB-DD1A9F0A9BB0}.AppStore|ARM.ActiveCfg = AppStore|iPhone
		{8CB7418B-C1C2-43EA-8CCB-DD1A9F0A9BB0}.AppStore|ARM.Build.0 = AppStore|iPhone
		{8CB7418B-C1C2-43EA-8CCB-DD1A9F0A9BB0}.AppStore|ARM.Deploy.0 = AppStore|iPhone
		{8CB7418B-C1C2-43EA-8CCB-DD1A9F0A9BB0}.AppStore|iPhone.ActiveCfg = AppStore|iPhone
		{8CB7418B-C1C2-43EA-8CCB-DD1A9F0A9BB0}.AppStore|iPhone.Build.0 = AppStore|iPhone
		{8CB7418B-C1C2-43EA-8CCB-DD1A9F0A9BB0}.AppStore|iPhone.Deploy.0 = AppStore|iPhone
		{8CB7418B-C1C2-43EA-8CCB-DD1A9F0A9BB0}.AppStore|iPhoneSimulator.ActiveCfg = AppStore|iPhoneSimulator
		{8CB7418B-C1C2-43EA-8CCB-DD1A9F0A9BB0}.AppStore|iPhoneSimulator.Build.0 = AppStore|iPhoneSimulator
		{8CB7418B-C1C2-43EA-8CCB-DD1A9F0A9BB0}.AppStore|iPhoneSimulator.Deploy.0 = AppStore|iPhoneSimulator
		{8CB7418B-C1C2-43EA-8CCB-DD1A9F0A9BB0}.AppStore|x64.ActiveCfg = AppStore|iPhone
		{8CB7418B-C1C2-43EA-8CCB-DD1A9F0A9BB0}.AppStore|x64.Build.0 = AppStore|iPhone
		{8CB7418B-C1C2-43EA-8CCB-DD1A9F0A9BB0}.AppStore|x64.Deploy.0 = AppStore|iPhone
		{8CB7418B-C1C2-43EA-8CCB-DD1A9F0A9BB0}.AppStore|x86.ActiveCfg = AppStore|iPhone
		{8CB7418B-C1C2-43EA-8CCB-DD1A9F0A9BB0}.AppStore|x86.Build.0 = AppStore|iPhone
		{8CB7418B-C1C2-43EA-8CCB-DD1A9F0A9BB0}.AppStore|x86.Deploy.0 = AppStore|iPhone
		{8CB7418B-C1C2-43EA-8CCB-DD1A9F0A9BB0}.Debug|Any CPU.ActiveCfg = Debug|iPhoneSimulator
		{8CB7418B-C1C2-43EA-8CCB-DD1A9F0A9BB0}.Debug|Any CPU.Build.0 = Debug|iPhoneSimulator
		{8CB7418B-C1C2-43EA-8CCB-DD1A9F0A9BB0}.Debug|Any CPU.Deploy.0 = Debug|iPhoneSimulator
		{8CB7418B-C1C2-43EA-8CCB-DD1A9F0A9BB0}.Debug|ARM.ActiveCfg = Debug|iPhone
		{8CB7418B-C1C2-43EA-8CCB-DD1A9F0A9BB0}.Debug|ARM.Build.0 = Debug|iPhone
		{8CB7418B-C1C2-43EA-8CCB-DD1A9F0A9BB0}.Debug|ARM.Deploy.0 = Debug|iPhone
		{8CB7418B-C1C2-43EA-8CCB-DD1A9F0A9BB0}.Debug|iPhone.ActiveCfg = Debug|iPhone
		{8CB7418B-C1C2-43EA-8CCB-DD1A9F0A9BB0}.Debug|iPhone.Build.0 = Debug|iPhone
		{8CB7418B-C1C2-43EA-8CCB-DD1A9F0A9BB0}.Debug|iPhone.Deploy.0 = Debug|iPhone
		{8CB7418B-C1C2-43EA-8CCB-DD1A9F0A9BB0}.Debug|iPhoneSimulator.ActiveCfg = Debug|iPhoneSimulator
		{8CB7418B-C1C2-43EA-8CCB-DD1A9F0A9BB0}.Debug|iPhoneSimulator.Build.0 = Debug|iPhoneSimulator
		{8CB7418B-C1C2-43EA-8CCB-DD1A9F0A9BB0}.Debug|iPhoneSimulator.Deploy.0 = Debug|iPhoneSimulator
		{8CB7418B-C1C2-43EA-8CCB-DD1A9F0A9BB0}.Debug|x64.ActiveCfg = Debug|iPhone
		{8CB7418B-C1C2-43EA-8CCB-DD1A9F0A9BB0}.Debug|x64.Build.0 = Debug|iPhone
		{8CB7418B-C1C2-43EA-8CCB-DD1A9F0A9BB0}.Debug|x64.Deploy.0 = Debug|iPhone
		{8CB7418B-C1C2-43EA-8CCB-DD1A9F0A9BB0}.Debug|x86.ActiveCfg = Debug|iPhone
		{8CB7418B-C1C2-43EA-8CCB-DD1A9F0A9BB0}.Debug|x86.Build.0 = Debug|iPhone
		{8CB7418B-C1C2-43EA-8CCB-DD1A9F0A9BB0}.Debug|x86.Deploy.0 = Debug|iPhone
		{8CB7418B-C1C2-43EA-8CCB-DD1A9F0A9BB0}.Release|Any CPU.ActiveCfg = Release|iPhone
		{8CB7418B-C1C2-43EA-8CCB-DD1A9F0A9BB0}.Release|Any CPU.Build.0 = Release|iPhone
		{8CB7418B-C1C2-43EA-8CCB-DD1A9F0A9BB0}.Release|Any CPU.Deploy.0 = Release|iPhone
		{8CB7418B-C1C2-43EA-8CCB-DD1A9F0A9BB0}.Release|ARM.ActiveCfg = Release|iPhone
		{8CB7418B-C1C2-43EA-8CCB-DD1A9F0A9BB0}.Release|ARM.Build.0 = Release|iPhone
		{8CB7418B-C1C2-43EA-8CCB-DD1A9F0A9BB0}.Release|ARM.Deploy.0 = Release|iPhone
		{8CB7418B-C1C2-43EA-8CCB-DD1A9F0A9BB0}.Release|iPhone.ActiveCfg = Release|iPhone
		{8CB7418B-C1C2-43EA-8CCB-DD1A9F0A9BB0}.Release|iPhone.Build.0 = Release|iPhone
		{8CB7418B-C1C2-43EA-8CCB-DD1A9F0A9BB0}.Release|iPhone.Deploy.0 = Release|iPhone
		{8CB7418B-C1C2-43EA-8CCB-DD1A9F0A9BB0}.Release|iPhoneSimulator.ActiveCfg = Release|iPhoneSimulator
		{8CB7418B-C1C2-43EA-8CCB-DD1A9F0A9BB0}.Release|iPhoneSimulator.Build.0 = Release|iPhoneSimulator
		{8CB7418B-C1C2-43EA-8CCB-DD1A9F0A9BB0}.Release|iPhoneSimulator.Deploy.0 = Release|iPhoneSimulator
		{8CB7418B-C1C2-43EA-8CCB-DD1A9F0A9BB0}.Release|x64.ActiveCfg = Release|iPhone
		{8CB7418B-C1C2-43EA-8CCB-DD1A9F0A9BB0}.Release|x64.Build.0 = Release|iPhone
		{8CB7418B-C1C2-43EA-8CCB-DD1A9F0A9BB0}.Release|x64.Deploy.0 = Release|iPhone
		{8CB7418B-C1C2-43EA-8CCB-DD1A9F0A9BB0}.Release|x86.ActiveCfg = Release|iPhone
		{8CB7418B-C1C2-43EA-8CCB-DD1A9F0A9BB0}.Release|x86.Build.0 = Release|iPhone
		{8CB7418B-C1C2-43EA-8CCB-DD1A9F0A9BB0}.Release|x86.Deploy.0 = Release|iPhone
		{EE8969E4-09AC-4596-A508-9E8DE9CA1461}.Ad-Hoc|Any CPU.ActiveCfg = Release|x86
		{EE8969E4-09AC-4596-A508-9E8DE9CA1461}.Ad-Hoc|Any CPU.Build.0 = Release|x86
		{EE8969E4-09AC-4596-A508-9E8DE9CA1461}.Ad-Hoc|Any CPU.Deploy.0 = Release|x86
		{EE8969E4-09AC-4596-A508-9E8DE9CA1461}.Ad-Hoc|ARM.ActiveCfg = Release|ARM
		{EE8969E4-09AC-4596-A508-9E8DE9CA1461}.Ad-Hoc|ARM.Build.0 = Release|ARM
		{EE8969E4-09AC-4596-A508-9E8DE9CA1461}.Ad-Hoc|ARM.Deploy.0 = Release|ARM
		{EE8969E4-09AC-4596-A508-9E8DE9CA1461}.Ad-Hoc|iPhone.ActiveCfg = Release|x86
		{EE8969E4-09AC-4596-A508-9E8DE9CA1461}.Ad-Hoc|iPhone.Build.0 = Release|x86
		{EE8969E4-09AC-4596-A508-9E8DE9CA1461}.Ad-Hoc|iPhone.Deploy.0 = Release|x86
		{EE8969E4-09AC-4596-A508-9E8DE9CA1461}.Ad-Hoc|iPhoneSimulator.ActiveCfg = Release|x86
		{EE8969E4-09AC-4596-A508-9E8DE9CA1461}.Ad-Hoc|iPhoneSimulator.Build.0 = Release|x86
		{EE8969E4-09AC-4596-A508-9E8DE9CA1461}.Ad-Hoc|iPhoneSimulator.Deploy.0 = Release|x86
		{EE8969E4-09AC-4596-A508-9E8DE9CA1461}.Ad-Hoc|x64.ActiveCfg = Release|x64
		{EE8969E4-09AC-4596-A508-9E8DE9CA1461}.Ad-Hoc|x64.Build.0 = Release|x64
		{EE8969E4-09AC-4596-A508-9E8DE9CA1461}.Ad-Hoc|x64.Deploy.0 = Release|x64
		{EE8969E4-09AC-4596-A508-9E8DE9CA1461}.Ad-Hoc|x86.ActiveCfg = Release|x86
		{EE8969E4-09AC-4596-A508-9E8DE9CA1461}.Ad-Hoc|x86.Build.0 = Release|x86
		{EE8969E4-09AC-4596-A508-9E8DE9CA1461}.Ad-Hoc|x86.Deploy.0 = Release|x86
		{EE8969E4-09AC-4596-A508-9E8DE9CA1461}.AppStore|Any CPU.ActiveCfg = Release|x86
		{EE8969E4-09AC-4596-A508-9E8DE9CA1461}.AppStore|Any CPU.Build.0 = Release|x86
		{EE8969E4-09AC-4596-A508-9E8DE9CA1461}.AppStore|Any CPU.Deploy.0 = Release|x86
		{EE8969E4-09AC-4596-A508-9E8DE9CA1461}.AppStore|ARM.ActiveCfg = Release|ARM
		{EE8969E4-09AC-4596-A508-9E8DE9CA1461}.AppStore|ARM.Build.0 = Release|ARM
		{EE8969E4-09AC-4596-A508-9E8DE9CA1461}.AppStore|ARM.Deploy.0 = Release|ARM
		{EE8969E4-09AC-4596-A508-9E8DE9CA1461}.AppStore|iPhone.ActiveCfg = Release|x86
		{EE8969E4-09AC-4596-A508-9E8DE9CA1461}.AppStore|iPhone.Build.0 = Release|x86
		{EE8969E4-09AC-4596-A508-9E8DE9CA1461}.AppStore|iPhone.Deploy.0 = Release|x86
		{EE8969E4-09AC-4596-A508-9E8DE9CA1461}.AppStore|iPhoneSimulator.ActiveCfg = Release|x86
		{EE8969E4-09AC-4596-A508-9E8DE9CA1461}.AppStore|iPhoneSimulator.Build.0 = Release|x86
		{EE8969E4-09AC-4596-A508-9E8DE9CA1461}.AppStore|iPhoneSimulator.Deploy.0 = Release|x86
		{EE8969E4-09AC-4596-A508-9E8DE9CA1461}.AppStore|x64.ActiveCfg = Release|x64
		{EE8969E4-09AC-4596-A508-9E8DE9CA1461}.AppStore|x64.Build.0 = Release|x64
		{EE8969E4-09AC-4596-A508-9E8DE9CA1461}.AppStore|x64.Deploy.0 = Release|x64
		{EE8969E4-09AC-4596-A508-9E8DE9CA1461}.AppStore|x86.ActiveCfg = Release|x86
		{EE8969E4-09AC-4596-A508-9E8DE9CA1461}.AppStore|x86.Build.0 = Release|x86
		{EE8969E4-09AC-4596-A508-9E8DE9CA1461}.AppStore|x86.Deploy.0 = Release|x86
		{EE8969E4-09AC-4596-A508-9E8DE9CA1461}.Debug|Any CPU.ActiveCfg = Debug|x86
		{EE8969E4-09AC-4596-A508-9E8DE9CA1461}.Debug|Any CPU.Build.0 = Debug|x86
		{EE8969E4-09AC-4596-A508-9E8DE9CA1461}.Debug|Any CPU.Deploy.0 = Debug|x86
		{EE8969E4-09AC-4596-A508-9E8DE9CA1461}.Debug|ARM.ActiveCfg = Debug|ARM
		{EE8969E4-09AC-4596-A508-9E8DE9CA1461}.Debug|ARM.Build.0 = Debug|ARM
		{EE8969E4-09AC-4596-A508-9E8DE9CA1461}.Debug|ARM.Deploy.0 = Debug|ARM
		{EE8969E4-09AC-4596-A508-9E8DE9CA1461}.Debug|iPhone.ActiveCfg = Debug|x86
		{EE8969E4-09AC-4596-A508-9E8DE9CA1461}.Debug|iPhone.Build.0 = Debug|x86
		{EE8969E4-09AC-4596-A508-9E8DE9CA1461}.Debug|iPhone.Deploy.0 = Debug|x86
		{EE8969E4-09AC-4596-A508-9E8DE9CA1461}.Debug|iPhoneSimulator.ActiveCfg = Debug|x86
		{EE8969E4-09AC-4596-A508-9E8DE9CA1461}.Debug|iPhoneSimulator.Build.0 = Debug|x86
		{EE8969E4-09AC-4596-A508-9E8DE9CA1461}.Debug|iPhoneSimulator.Deploy.0 = Debug|x86
		{EE8969E4-09AC-4596-A508-9E8DE9CA1461}.Debug|x64.ActiveCfg = Debug|x64
		{EE8969E4-09AC-4596-A508-9E8DE9CA1461}.Debug|x64.Build.0 = Debug|x64
		{EE8969E4-09AC-4596-A508-9E8DE9CA1461}.Debug|x64.Deploy.0 = Debug|x64
		{EE8969E4-09AC-4596-A508-9E8DE9CA1461}.Debug|x86.ActiveCfg = Debug|x86
		{EE8969E4-09AC-4596-A508-9E8DE9CA1461}.Debug|x86.Build.0 = Debug|x86
		{EE8969E4-09AC-4596-A508-9E8DE9CA1461}.Debug|x86.Deploy.0 = Debug|x86
		{EE8969E4-09AC-4596-A508-9E8DE9CA1461}.Release|Any CPU.ActiveCfg = Release|x86
		{EE8969E4-09AC-4596-A508-9E8DE9CA1461}.Release|Any CPU.Build.0 = Release|x86
		{EE8969E4-09AC-4596-A508-9E8DE9CA1461}.Release|Any CPU.Deploy.0 = Release|x86
		{EE8969E4-09AC-4596-A508-9E8DE9CA1461}.Release|ARM.ActiveCfg = Release|ARM
		{EE8969E4-09AC-4596-A508-9E8DE9CA1461}.Release|ARM.Build.0 = Release|ARM
		{EE8969E4-09AC-4596-A508-9E8DE9CA1461}.Release|ARM.Deploy.0 = Release|ARM
		{EE8969E4-09AC-4596-A508-9E8DE9CA1461}.Release|iPhone.ActiveCfg = Release|x86
		{EE8969E4-09AC-4596-A508-9E8DE9CA1461}.Release|iPhone.Build.0 = Release|x86
		{EE8969E4-09AC-4596-A508-9E8DE9CA1461}.Release|iPhone.Deploy.0 = Release|x86
		{EE8969E4-09AC-4596-A508-9E8DE9CA1461}.Release|iPhoneSimulator.ActiveCfg = Release|x86
		{EE8969E4-09AC-4596-A508-9E8DE9CA1461}.Release|iPhoneSimulator.Build.0 = Release|x86
		{EE8969E4-09AC-4596-A508-9E8DE9CA1461}.Release|iPhoneSimulator.Deploy.0 = Release|x86
		{EE8969E4-09AC-4596-A508-9E8DE9CA1461}.Release|x64.ActiveCfg = Release|x64
		{EE8969E4-09AC-4596-A508-9E8DE9CA1461}.Release|x64.Build.0 = Release|x64
		{EE8969E4-09AC-4596-A508-9E8DE9CA1461}.Release|x64.Deploy.0 = Release|x64
		{EE8969E4-09AC-4596-A508-9E8DE9CA1461}.Release|x86.ActiveCfg = Release|x86
		{EE8969E4-09AC-4596-A508-9E8DE9CA1461}.Release|x86.Build.0 = Release|x86
		{EE8969E4-09AC-4596-A508-9E8DE9CA1461}.Release|x86.Deploy.0 = Release|x86
		{3461496C-0902-40C8-AD97-31AA5CEBCE4D}.Ad-Hoc|Any CPU.ActiveCfg = Debug|Any CPU
		{3461496C-0902-40C8-AD97-31AA5CEBCE4D}.Ad-Hoc|Any CPU.Build.0 = Debug|Any CPU
		{3461496C-0902-40C8-AD97-31AA5CEBCE4D}.Ad-Hoc|ARM.ActiveCfg = Debug|Any CPU
		{3461496C-0902-40C8-AD97-31AA5CEBCE4D}.Ad-Hoc|ARM.Build.0 = Debug|Any CPU
		{3461496C-0902-40C8-AD97-31AA5CEBCE4D}.Ad-Hoc|iPhone.ActiveCfg = Debug|Any CPU
		{3461496C-0902-40C8-AD97-31AA5CEBCE4D}.Ad-Hoc|iPhone.Build.0 = Debug|Any CPU
		{3461496C-0902-40C8-AD97-31AA5CEBCE4D}.Ad-Hoc|iPhoneSimulator.ActiveCfg = Debug|Any CPU
		{3461496C-0902-40C8-AD97-31AA5CEBCE4D}.Ad-Hoc|iPhoneSimulator.Build.0 = Debug|Any CPU
		{3461496C-0902-40C8-AD97-31AA5CEBCE4D}.Ad-Hoc|x64.ActiveCfg = Debug|Any CPU
		{3461496C-0902-40C8-AD97-31AA5CEBCE4D}.Ad-Hoc|x64.Build.0 = Debug|Any CPU
		{3461496C-0902-40C8-AD97-31AA5CEBCE4D}.Ad-Hoc|x86.ActiveCfg = Debug|Any CPU
		{3461496C-0902-40C8-AD97-31AA5CEBCE4D}.Ad-Hoc|x86.Build.0 = Debug|Any CPU
		{3461496C-0902-40C8-AD97-31AA5CEBCE4D}.AppStore|Any CPU.ActiveCfg = Debug|Any CPU
		{3461496C-0902-40C8-AD97-31AA5CEBCE4D}.AppStore|Any CPU.Build.0 = Debug|Any CPU
		{3461496C-0902-40C8-AD97-31AA5CEBCE4D}.AppStore|ARM.ActiveCfg = Debug|Any CPU
		{3461496C-0902-40C8-AD97-31AA5CEBCE4D}.AppStore|ARM.Build.0 = Debug|Any CPU
		{3461496C-0902-40C8-AD97-31AA5CEBCE4D}.AppStore|iPhone.ActiveCfg = Debug|Any CPU
		{3461496C-0902-40C8-AD97-31AA5CEBCE4D}.AppStore|iPhone.Build.0 = Debug|Any CPU
		{3461496C-0902-40C8-AD97-31AA5CEBCE4D}.AppStore|iPhoneSimulator.ActiveCfg = Debug|Any CPU
		{3461496C-0902-40C8-AD97-31AA5CEBCE4D}.AppStore|iPhoneSimulator.Build.0 = Debug|Any CPU
		{3461496C-0902-40C8-AD97-31AA5CEBCE4D}.AppStore|x64.ActiveCfg = Debug|Any CPU
		{3461496C-0902-40C8-AD97-31AA5CEBCE4D}.AppStore|x64.Build.0 = Debug|Any CPU
		{3461496C-0902-40C8-AD97-31AA5CEBCE4D}.AppStore|x86.ActiveCfg = Debug|Any CPU
		{3461496C-0902-40C8-AD97-31AA5CEBCE4D}.AppStore|x86.Build.0 = Debug|Any CPU
		{3461496C-0902-40C8-AD97-31AA5CEBCE4D}.Debug|Any CPU.ActiveCfg = Debug|Any CPU
		{3461496C-0902-40C8-AD97-31AA5CEBCE4D}.Debug|Any CPU.Build.0 = Debug|Any CPU
		{3461496C-0902-40C8-AD97-31AA5CEBCE4D}.Debug|ARM.ActiveCfg = Debug|Any CPU
		{3461496C-0902-40C8-AD97-31AA5CEBCE4D}.Debug|ARM.Build.0 = Debug|Any CPU
		{3461496C-0902-40C8-AD97-31AA5CEBCE4D}.Debug|iPhone.ActiveCfg = Debug|Any CPU
		{3461496C-0902-40C8-AD97-31AA5CEBCE4D}.Debug|iPhone.Build.0 = Debug|Any CPU
		{3461496C-0902-40C8-AD97-31AA5CEBCE4D}.Debug|iPhoneSimulator.ActiveCfg = Debug|Any CPU
		{3461496C-0902-40C8-AD97-31AA5CEBCE4D}.Debug|iPhoneSimulator.Build.0 = Debug|Any CPU
		{3461496C-0902-40C8-AD97-31AA5CEBCE4D}.Debug|x64.ActiveCfg = Debug|Any CPU
		{3461496C-0902-40C8-AD97-31AA5CEBCE4D}.Debug|x64.Build.0 = Debug|Any CPU
		{3461496C-0902-40C8-AD97-31AA5CEBCE4D}.Debug|x86.ActiveCfg = Debug|Any CPU
		{3461496C-0902-40C8-AD97-31AA5CEBCE4D}.Debug|x86.Build.0 = Debug|Any CPU
		{3461496C-0902-40C8-AD97-31AA5CEBCE4D}.Release|Any CPU.ActiveCfg = Release|Any CPU
		{3461496C-0902-40C8-AD97-31AA5CEBCE4D}.Release|Any CPU.Build.0 = Release|Any CPU
		{3461496C-0902-40C8-AD97-31AA5CEBCE4D}.Release|ARM.ActiveCfg = Release|Any CPU
		{3461496C-0902-40C8-AD97-31AA5CEBCE4D}.Release|ARM.Build.0 = Release|Any CPU
		{3461496C-0902-40C8-AD97-31AA5CEBCE4D}.Release|iPhone.ActiveCfg = Release|Any CPU
		{3461496C-0902-40C8-AD97-31AA5CEBCE4D}.Release|iPhone.Build.0 = Release|Any CPU
		{3461496C-0902-40C8-AD97-31AA5CEBCE4D}.Release|iPhoneSimulator.ActiveCfg = Release|Any CPU
		{3461496C-0902-40C8-AD97-31AA5CEBCE4D}.Release|iPhoneSimulator.Build.0 = Release|Any CPU
		{3461496C-0902-40C8-AD97-31AA5CEBCE4D}.Release|x64.ActiveCfg = Release|Any CPU
		{3461496C-0902-40C8-AD97-31AA5CEBCE4D}.Release|x64.Build.0 = Release|Any CPU
		{3461496C-0902-40C8-AD97-31AA5CEBCE4D}.Release|x86.ActiveCfg = Release|Any CPU
		{3461496C-0902-40C8-AD97-31AA5CEBCE4D}.Release|x86.Build.0 = Release|Any CPU
	EndGlobalSection
	GlobalSection(SolutionProperties) = preSolution
		HideSolutionNode = FALSE
	EndGlobalSection
	GlobalSection(ExtensibilityGlobals) = postSolution
		SolutionGuid = {73F5DD30-3292-488A-8339-0B6367F999A1}
	EndGlobalSection
EndGlobal
