
Microsoft Visual Studio Solution File, Format Version 12.00
# Visual Studio 15
VisualStudioVersion = 15.0.27703.2047
MinimumVisualStudioVersion = 10.0.40219.1
Project("{FAE04EC0-301F-11D3-BF4B-00C04F79EFBC}") = "FCA.Android", "FCA\FCA.Android\FCA.Android.csproj", "{E422FCCF-1464-4263-A14B-411D8596CA0F}"
EndProject
Project("{FAE04EC0-301F-11D3-BF4B-00C04F79EFBC}") = "FCA.iOS", "FCA\FCA.iOS\FCA.iOS.csproj", "{B08BB896-1186-475B-94B6-12DDA2928415}"
EndProject
Project("{FAE04EC0-301F-11D3-BF4B-00C04F79EFBC}") = "FCA.UWP", "FCA\FCA.UWP\FCA.UWP.csproj", "{49808EC3-71C6-4E42-995D-E47CF4EA6C30}"
EndProject
Project("{9A19103F-16F7-4668-BE54-9A1E7A4F7556}") = "FCA", "FCA\FCA\FCA.csproj", "{77F44C25-20A4-44C5-A119-BE1837AB59DB}"
EndProject
Global
	GlobalSection(SolutionConfigurationPlatforms) = preSolution
		Ad-Hoc|Any CPU = Ad-Hoc|Any CPU
		Ad-Hoc|ARM = Ad-Hoc|ARM
		Ad-Hoc|iPhone = Ad-Hoc|iPhone
		Ad-Hoc|iPhoneSimulator = Ad-Hoc|iPhoneSimulator
		Ad-Hoc|x64 = Ad-Hoc|x64
		Ad-Hoc|x86 = Ad-Hoc|x86
		AppStore|Any CPU = AppStore|Any CPU
		AppStore|ARM = AppStore|ARM
		AppStore|iPhone = AppStore|iPhone
		AppStore|iPhoneSimulator = AppStore|iPhoneSimulator
		AppStore|x64 = AppStore|x64
		AppStore|x86 = AppStore|x86
		Debug|Any CPU = Debug|Any CPU
		Debug|ARM = Debug|ARM
		Debug|iPhone = Debug|iPhone
		Debug|iPhoneSimulator = Debug|iPhoneSimulator
		Debug|x64 = Debug|x64
		Debug|x86 = Debug|x86
		Release|Any CPU = Release|Any CPU
		Release|ARM = Release|ARM
		Release|iPhone = Release|iPhone
		Release|iPhoneSimulator = Release|iPhoneSimulator
		Release|x64 = Release|x64
		Release|x86 = Release|x86
	EndGlobalSection
	GlobalSection(ProjectConfigurationPlatforms) = postSolution
		{E422FCCF-1464-4263-A14B-411D8596CA0F}.Ad-Hoc|Any CPU.ActiveCfg = Release|Any CPU
		{E422FCCF-1464-4263-A14B-411D8596CA0F}.Ad-Hoc|Any CPU.Build.0 = Release|Any CPU
		{E422FCCF-1464-4263-A14B-411D8596CA0F}.Ad-Hoc|Any CPU.Deploy.0 = Release|Any CPU
		{E422FCCF-1464-4263-A14B-411D8596CA0F}.Ad-Hoc|ARM.ActiveCfg = Release|Any CPU
		{E422FCCF-1464-4263-A14B-411D8596CA0F}.Ad-Hoc|ARM.Build.0 = Release|Any CPU
		{E422FCCF-1464-4263-A14B-411D8596CA0F}.Ad-Hoc|ARM.Deploy.0 = Release|Any CPU
		{E422FCCF-1464-4263-A14B-411D8596CA0F}.Ad-Hoc|iPhone.ActiveCfg = Release|Any CPU
		{E422FCCF-1464-4263-A14B-411D8596CA0F}.Ad-Hoc|iPhone.Build.0 = Release|Any CPU
		{E422FCCF-1464-4263-A14B-411D8596CA0F}.Ad-Hoc|iPhone.Deploy.0 = Release|Any CPU
		{E422FCCF-1464-4263-A14B-411D8596CA0F}.Ad-Hoc|iPhoneSimulator.ActiveCfg = Release|Any CPU
		{E422FCCF-1464-4263-A14B-411D8596CA0F}.Ad-Hoc|iPhoneSimulator.Build.0 = Release|Any CPU
		{E422FCCF-1464-4263-A14B-411D8596CA0F}.Ad-Hoc|iPhoneSimulator.Deploy.0 = Release|Any CPU
		{E422FCCF-1464-4263-A14B-411D8596CA0F}.Ad-Hoc|x64.ActiveCfg = Release|Any CPU
		{E422FCCF-1464-4263-A14B-411D8596CA0F}.Ad-Hoc|x64.Build.0 = Release|Any CPU
		{E422FCCF-1464-4263-A14B-411D8596CA0F}.Ad-Hoc|x64.Deploy.0 = Release|Any CPU
		{E422FCCF-1464-4263-A14B-411D8596CA0F}.Ad-Hoc|x86.ActiveCfg = Release|Any CPU
		{E422FCCF-1464-4263-A14B-411D8596CA0F}.Ad-Hoc|x86.Build.0 = Release|Any CPU
		{E422FCCF-1464-4263-A14B-411D8596CA0F}.Ad-Hoc|x86.Deploy.0 = Release|Any CPU
		{E422FCCF-1464-4263-A14B-411D8596CA0F}.AppStore|Any CPU.ActiveCfg = Release|Any CPU
		{E422FCCF-1464-4263-A14B-411D8596CA0F}.AppStore|Any CPU.Build.0 = Release|Any CPU
		{E422FCCF-1464-4263-A14B-411D8596CA0F}.AppStore|Any CPU.Deploy.0 = Release|Any CPU
		{E422FCCF-1464-4263-A14B-411D8596CA0F}.AppStore|ARM.ActiveCfg = Release|Any CPU
		{E422FCCF-1464-4263-A14B-411D8596CA0F}.AppStore|ARM.Build.0 = Release|Any CPU
		{E422FCCF-1464-4263-A14B-411D8596CA0F}.AppStore|ARM.Deploy.0 = Release|Any CPU
		{E422FCCF-1464-4263-A14B-411D8596CA0F}.AppStore|iPhone.ActiveCfg = Release|Any CPU
		{E422FCCF-1464-4263-A14B-411D8596CA0F}.AppStore|iPhone.Build.0 = Release|Any CPU
		{E422FCCF-1464-4263-A14B-411D8596CA0F}.AppStore|iPhone.Deploy.0 = Release|Any CPU
		{E422FCCF-1464-4263-A14B-411D8596CA0F}.AppStore|iPhoneSimulator.ActiveCfg = Release|Any CPU
		{E422FCCF-1464-4263-A14B-411D8596CA0F}.AppStore|iPhoneSimulator.Build.0 = Release|Any CPU
		{E422FCCF-1464-4263-A14B-411D8596CA0F}.AppStore|iPhoneSimulator.Deploy.0 = Release|Any CPU
		{E422FCCF-1464-4263-A14B-411D8596CA0F}.AppStore|x64.ActiveCfg = Release|Any CPU
		{E422FCCF-1464-4263-A14B-411D8596CA0F}.AppStore|x64.Build.0 = Release|Any CPU
		{E422FCCF-1464-4263-A14B-411D8596CA0F}.AppStore|x64.Deploy.0 = Release|Any CPU
		{E422FCCF-1464-4263-A14B-411D8596CA0F}.AppStore|x86.ActiveCfg = Release|Any CPU
		{E422FCCF-1464-4263-A14B-411D8596CA0F}.AppStore|x86.Build.0 = Release|Any CPU
		{E422FCCF-1464-4263-A14B-411D8596CA0F}.AppStore|x86.Deploy.0 = Release|Any CPU
		{E422FCCF-1464-4263-A14B-411D8596CA0F}.Debug|Any CPU.ActiveCfg = Debug|Any CPU
		{E422FCCF-1464-4263-A14B-411D8596CA0F}.Debug|Any CPU.Build.0 = Debug|Any CPU
		{E422FCCF-1464-4263-A14B-411D8596CA0F}.Debug|Any CPU.Deploy.0 = Debug|Any CPU
		{E422FCCF-1464-4263-A14B-411D8596CA0F}.Debug|ARM.ActiveCfg = Debug|Any CPU
		{E422FCCF-1464-4263-A14B-411D8596CA0F}.Debug|ARM.Build.0 = Debug|Any CPU
		{E422FCCF-1464-4263-A14B-411D8596CA0F}.Debug|ARM.Deploy.0 = Debug|Any CPU
		{E422FCCF-1464-4263-A14B-411D8596CA0F}.Debug|iPhone.ActiveCfg = Debug|Any CPU
		{E422FCCF-1464-4263-A14B-411D8596CA0F}.Debug|iPhone.Build.0 = Debug|Any CPU
		{E422FCCF-1464-4263-A14B-411D8596CA0F}.Debug|iPhone.Deploy.0 = Debug|Any CPU
		{E422FCCF-1464-4263-A14B-411D8596CA0F}.Debug|iPhoneSimulator.ActiveCfg = Debug|Any CPU
		{E422FCCF-1464-4263-A14B-411D8596CA0F}.Debug|iPhoneSimulator.Build.0 = Debug|Any CPU
		{E422FCCF-1464-4263-A14B-411D8596CA0F}.Debug|iPhoneSimulator.Deploy.0 = Debug|Any CPU
		{E422FCCF-1464-4263-A14B-411D8596CA0F}.Debug|x64.ActiveCfg = Debug|Any CPU
		{E422FCCF-1464-4263-A14B-411D8596CA0F}.Debug|x64.Build.0 = Debug|Any CPU
		{E422FCCF-1464-4263-A14B-411D8596CA0F}.Debug|x64.Deploy.0 = Debug|Any CPU
		{E422FCCF-1464-4263-A14B-411D8596CA0F}.Debug|x86.ActiveCfg = Debug|Any CPU
		{E422FCCF-1464-4263-A14B-411D8596CA0F}.Debug|x86.Build.0 = Debug|Any CPU
		{E422FCCF-1464-4263-A14B-411D8596CA0F}.Debug|x86.Deploy.0 = Debug|Any CPU
		{E422FCCF-1464-4263-A14B-411D8596CA0F}.Release|Any CPU.ActiveCfg = Release|Any CPU
		{E422FCCF-1464-4263-A14B-411D8596CA0F}.Release|Any CPU.Build.0 = Release|Any CPU
		{E422FCCF-1464-4263-A14B-411D8596CA0F}.Release|Any CPU.Deploy.0 = Release|Any CPU
		{E422FCCF-1464-4263-A14B-411D8596CA0F}.Release|ARM.ActiveCfg = Release|Any CPU
		{E422FCCF-1464-4263-A14B-411D8596CA0F}.Release|ARM.Build.0 = Release|Any CPU
		{E422FCCF-1464-4263-A14B-411D8596CA0F}.Release|ARM.Deploy.0 = Release|Any CPU
		{E422FCCF-1464-4263-A14B-411D8596CA0F}.Release|iPhone.ActiveCfg = Release|Any CPU
		{E422FCCF-1464-4263-A14B-411D8596CA0F}.Release|iPhone.Build.0 = Release|Any CPU
		{E422FCCF-1464-4263-A14B-411D8596CA0F}.Release|iPhone.Deploy.0 = Release|Any CPU
		{E422FCCF-1464-4263-A14B-411D8596CA0F}.Release|iPhoneSimulator.ActiveCfg = Release|Any CPU
		{E422FCCF-1464-4263-A14B-411D8596CA0F}.Release|iPhoneSimulator.Build.0 = Release|Any CPU
		{E422FCCF-1464-4263-A14B-411D8596CA0F}.Release|iPhoneSimulator.Deploy.0 = Release|Any CPU
		{E422FCCF-1464-4263-A14B-411D8596CA0F}.Release|x64.ActiveCfg = Release|Any CPU
		{E422FCCF-1464-4263-A14B-411D8596CA0F}.Release|x64.Build.0 = Release|Any CPU
		{E422FCCF-1464-4263-A14B-411D8596CA0F}.Release|x64.Deploy.0 = Release|Any CPU
		{E422FCCF-1464-4263-A14B-411D8596CA0F}.Release|x86.ActiveCfg = Release|Any CPU
		{E422FCCF-1464-4263-A14B-411D8596CA0F}.Release|x86.Build.0 = Release|Any CPU
		{E422FCCF-1464-4263-A14B-411D8596CA0F}.Release|x86.Deploy.0 = Release|Any CPU
		{B08BB896-1186-475B-94B6-12DDA2928415}.Ad-Hoc|Any CPU.ActiveCfg = Ad-Hoc|iPhone
		{B08BB896-1186-475B-94B6-12DDA2928415}.Ad-Hoc|Any CPU.Build.0 = Ad-Hoc|iPhone
		{B08BB896-1186-475B-94B6-12DDA2928415}.Ad-Hoc|Any CPU.Deploy.0 = Ad-Hoc|iPhone
		{B08BB896-1186-475B-94B6-12DDA2928415}.Ad-Hoc|ARM.ActiveCfg = Ad-Hoc|iPhone
		{B08BB896-1186-475B-94B6-12DDA2928415}.Ad-Hoc|ARM.Build.0 = Ad-Hoc|iPhone
		{B08BB896-1186-475B-94B6-12DDA2928415}.Ad-Hoc|ARM.Deploy.0 = Ad-Hoc|iPhone
		{B08BB896-1186-475B-94B6-12DDA2928415}.Ad-Hoc|iPhone.ActiveCfg = Ad-Hoc|iPhone
		{B08BB896-1186-475B-94B6-12DDA2928415}.Ad-Hoc|iPhone.Build.0 = Ad-Hoc|iPhone
		{B08BB896-1186-475B-94B6-12DDA2928415}.Ad-Hoc|iPhone.Deploy.0 = Ad-Hoc|iPhone
		{B08BB896-1186-475B-94B6-12DDA2928415}.Ad-Hoc|iPhoneSimulator.ActiveCfg = Ad-Hoc|iPhoneSimulator
		{B08BB896-1186-475B-94B6-12DDA2928415}.Ad-Hoc|iPhoneSimulator.Build.0 = Ad-Hoc|iPhoneSimulator
		{B08BB896-1186-475B-94B6-12DDA2928415}.Ad-Hoc|iPhoneSimulator.Deploy.0 = Ad-Hoc|iPhoneSimulator
		{B08BB896-1186-475B-94B6-12DDA2928415}.Ad-Hoc|x64.ActiveCfg = Ad-Hoc|iPhone
		{B08BB896-1186-475B-94B6-12DDA2928415}.Ad-Hoc|x64.Build.0 = Ad-Hoc|iPhone
		{B08BB896-1186-475B-94B6-12DDA2928415}.Ad-Hoc|x64.Deploy.0 = Ad-Hoc|iPhone
		{B08BB896-1186-475B-94B6-12DDA2928415}.Ad-Hoc|x86.ActiveCfg = Ad-Hoc|iPhone
		{B08BB896-1186-475B-94B6-12DDA2928415}.Ad-Hoc|x86.Build.0 = Ad-Hoc|iPhone
		{B08BB896-1186-475B-94B6-12DDA2928415}.Ad-Hoc|x86.Deploy.0 = Ad-Hoc|iPhone
		{B08BB896-1186-475B-94B6-12DDA2928415}.AppStore|Any CPU.ActiveCfg = AppStore|iPhone
		{B08BB896-1186-475B-94B6-12DDA2928415}.AppStore|Any CPU.Build.0 = AppStore|iPhone
		{B08BB896-1186-475B-94B6-12DDA2928415}.AppStore|Any CPU.Deploy.0 = AppStore|iPhone
		{B08BB896-1186-475B-94B6-12DDA2928415}.AppStore|ARM.ActiveCfg = AppStore|iPhone
		{B08BB896-1186-475B-94B6-12DDA2928415}.AppStore|ARM.Build.0 = AppStore|iPhone
		{B08BB896-1186-475B-94B6-12DDA2928415}.AppStore|ARM.Deploy.0 = AppStore|iPhone
		{B08BB896-1186-475B-94B6-12DDA2928415}.AppStore|iPhone.ActiveCfg = AppStore|iPhone
		{B08BB896-1186-475B-94B6-12DDA2928415}.AppStore|iPhone.Build.0 = AppStore|iPhone
		{B08BB896-1186-475B-94B6-12DDA2928415}.AppStore|iPhone.Deploy.0 = AppStore|iPhone
		{B08BB896-1186-475B-94B6-12DDA2928415}.AppStore|iPhoneSimulator.ActiveCfg = AppStore|iPhoneSimulator
		{B08BB896-1186-475B-94B6-12DDA2928415}.AppStore|iPhoneSimulator.Build.0 = AppStore|iPhoneSimulator
		{B08BB896-1186-475B-94B6-12DDA2928415}.AppStore|iPhoneSimulator.Deploy.0 = AppStore|iPhoneSimulator
		{B08BB896-1186-475B-94B6-12DDA2928415}.AppStore|x64.ActiveCfg = AppStore|iPhone
		{B08BB896-1186-475B-94B6-12DDA2928415}.AppStore|x64.Build.0 = AppStore|iPhone
		{B08BB896-1186-475B-94B6-12DDA2928415}.AppStore|x64.Deploy.0 = AppStore|iPhone
		{B08BB896-1186-475B-94B6-12DDA2928415}.AppStore|x86.ActiveCfg = AppStore|iPhone
		{B08BB896-1186-475B-94B6-12DDA2928415}.AppStore|x86.Build.0 = AppStore|iPhone
		{B08BB896-1186-475B-94B6-12DDA2928415}.AppStore|x86.Deploy.0 = AppStore|iPhone
		{B08BB896-1186-475B-94B6-12DDA2928415}.Debug|Any CPU.ActiveCfg = Debug|iPhoneSimulator
		{B08BB896-1186-475B-94B6-12DDA2928415}.Debug|Any CPU.Build.0 = Debug|iPhoneSimulator
		{B08BB896-1186-475B-94B6-12DDA2928415}.Debug|Any CPU.Deploy.0 = Debug|iPhoneSimulator
		{B08BB896-1186-475B-94B6-12DDA2928415}.Debug|ARM.ActiveCfg = Debug|iPhone
		{B08BB896-1186-475B-94B6-12DDA2928415}.Debug|ARM.Build.0 = Debug|iPhone
		{B08BB896-1186-475B-94B6-12DDA2928415}.Debug|ARM.Deploy.0 = Debug|iPhone
		{B08BB896-1186-475B-94B6-12DDA2928415}.Debug|iPhone.ActiveCfg = Debug|iPhone
		{B08BB896-1186-475B-94B6-12DDA2928415}.Debug|iPhone.Build.0 = Debug|iPhone
		{B08BB896-1186-475B-94B6-12DDA2928415}.Debug|iPhone.Deploy.0 = Debug|iPhone
		{B08BB896-1186-475B-94B6-12DDA2928415}.Debug|iPhoneSimulator.ActiveCfg = Debug|iPhoneSimulator
		{B08BB896-1186-475B-94B6-12DDA2928415}.Debug|iPhoneSimulator.Build.0 = Debug|iPhoneSimulator
		{B08BB896-1186-475B-94B6-12DDA2928415}.Debug|iPhoneSimulator.Deploy.0 = Debug|iPhoneSimulator
		{B08BB896-1186-475B-94B6-12DDA2928415}.Debug|x64.ActiveCfg = Debug|iPhone
		{B08BB896-1186-475B-94B6-12DDA2928415}.Debug|x64.Build.0 = Debug|iPhone
		{B08BB896-1186-475B-94B6-12DDA2928415}.Debug|x64.Deploy.0 = Debug|iPhone
		{B08BB896-1186-475B-94B6-12DDA2928415}.Debug|x86.ActiveCfg = Debug|iPhone
		{B08BB896-1186-475B-94B6-12DDA2928415}.Debug|x86.Build.0 = Debug|iPhone
		{B08BB896-1186-475B-94B6-12DDA2928415}.Debug|x86.Deploy.0 = Debug|iPhone
		{B08BB896-1186-475B-94B6-12DDA2928415}.Release|Any CPU.ActiveCfg = Release|iPhone
		{B08BB896-1186-475B-94B6-12DDA2928415}.Release|Any CPU.Build.0 = Release|iPhone
		{B08BB896-1186-475B-94B6-12DDA2928415}.Release|Any CPU.Deploy.0 = Release|iPhone
		{B08BB896-1186-475B-94B6-12DDA2928415}.Release|ARM.ActiveCfg = Release|iPhone
		{B08BB896-1186-475B-94B6-12DDA2928415}.Release|ARM.Build.0 = Release|iPhone
		{B08BB896-1186-475B-94B6-12DDA2928415}.Release|ARM.Deploy.0 = Release|iPhone
		{B08BB896-1186-475B-94B6-12DDA2928415}.Release|iPhone.ActiveCfg = Release|iPhone
		{B08BB896-1186-475B-94B6-12DDA2928415}.Release|iPhone.Build.0 = Release|iPhone
		{B08BB896-1186-475B-94B6-12DDA2928415}.Release|iPhone.Deploy.0 = Release|iPhone
		{B08BB896-1186-475B-94B6-12DDA2928415}.Release|iPhoneSimulator.ActiveCfg = Release|iPhoneSimulator
		{B08BB896-1186-475B-94B6-12DDA2928415}.Release|iPhoneSimulator.Build.0 = Release|iPhoneSimulator
		{B08BB896-1186-475B-94B6-12DDA2928415}.Release|iPhoneSimulator.Deploy.0 = Release|iPhoneSimulator
		{B08BB896-1186-475B-94B6-12DDA2928415}.Release|x64.ActiveCfg = Release|iPhone
		{B08BB896-1186-475B-94B6-12DDA2928415}.Release|x64.Build.0 = Release|iPhone
		{B08BB896-1186-475B-94B6-12DDA2928415}.Release|x64.Deploy.0 = Release|iPhone
		{B08BB896-1186-475B-94B6-12DDA2928415}.Release|x86.ActiveCfg = Release|iPhone
		{B08BB896-1186-475B-94B6-12DDA2928415}.Release|x86.Build.0 = Release|iPhone
		{B08BB896-1186-475B-94B6-12DDA2928415}.Release|x86.Deploy.0 = Release|iPhone
		{49808EC3-71C6-4E42-995D-E47CF4EA6C30}.Ad-Hoc|Any CPU.ActiveCfg = Release|x86
		{49808EC3-71C6-4E42-995D-E47CF4EA6C30}.Ad-Hoc|Any CPU.Build.0 = Release|x86
		{49808EC3-71C6-4E42-995D-E47CF4EA6C30}.Ad-Hoc|Any CPU.Deploy.0 = Release|x86
		{49808EC3-71C6-4E42-995D-E47CF4EA6C30}.Ad-Hoc|ARM.ActiveCfg = Release|ARM
		{49808EC3-71C6-4E42-995D-E47CF4EA6C30}.Ad-Hoc|ARM.Build.0 = Release|ARM
		{49808EC3-71C6-4E42-995D-E47CF4EA6C30}.Ad-Hoc|ARM.Deploy.0 = Release|ARM
		{49808EC3-71C6-4E42-995D-E47CF4EA6C30}.Ad-Hoc|iPhone.ActiveCfg = Release|x86
		{49808EC3-71C6-4E42-995D-E47CF4EA6C30}.Ad-Hoc|iPhone.Build.0 = Release|x86
		{49808EC3-71C6-4E42-995D-E47CF4EA6C30}.Ad-Hoc|iPhone.Deploy.0 = Release|x86
		{49808EC3-71C6-4E42-995D-E47CF4EA6C30}.Ad-Hoc|iPhoneSimulator.ActiveCfg = Release|x86
		{49808EC3-71C6-4E42-995D-E47CF4EA6C30}.Ad-Hoc|iPhoneSimulator.Build.0 = Release|x86
		{49808EC3-71C6-4E42-995D-E47CF4EA6C30}.Ad-Hoc|iPhoneSimulator.Deploy.0 = Release|x86
		{49808EC3-71C6-4E42-995D-E47CF4EA6C30}.Ad-Hoc|x64.ActiveCfg = Release|x64
		{49808EC3-71C6-4E42-995D-E47CF4EA6C30}.Ad-Hoc|x64.Build.0 = Release|x64
		{49808EC3-71C6-4E42-995D-E47CF4EA6C30}.Ad-Hoc|x64.Deploy.0 = Release|x64
		{49808EC3-71C6-4E42-995D-E47CF4EA6C30}.Ad-Hoc|x86.ActiveCfg = Release|x86
		{49808EC3-71C6-4E42-995D-E47CF4EA6C30}.Ad-Hoc|x86.Build.0 = Release|x86
		{49808EC3-71C6-4E42-995D-E47CF4EA6C30}.Ad-Hoc|x86.Deploy.0 = Release|x86
		{49808EC3-71C6-4E42-995D-E47CF4EA6C30}.AppStore|Any CPU.ActiveCfg = Release|x86
		{49808EC3-71C6-4E42-995D-E47CF4EA6C30}.AppStore|Any CPU.Build.0 = Release|x86
		{49808EC3-71C6-4E42-995D-E47CF4EA6C30}.AppStore|Any CPU.Deploy.0 = Release|x86
		{49808EC3-71C6-4E42-995D-E47CF4EA6C30}.AppStore|ARM.ActiveCfg = Release|ARM
		{49808EC3-71C6-4E42-995D-E47CF4EA6C30}.AppStore|ARM.Build.0 = Release|ARM
		{49808EC3-71C6-4E42-995D-E47CF4EA6C30}.AppStore|ARM.Deploy.0 = Release|ARM
		{49808EC3-71C6-4E42-995D-E47CF4EA6C30}.AppStore|iPhone.ActiveCfg = Release|x86
		{49808EC3-71C6-4E42-995D-E47CF4EA6C30}.AppStore|iPhone.Build.0 = Release|x86
		{49808EC3-71C6-4E42-995D-E47CF4EA6C30}.AppStore|iPhone.Deploy.0 = Release|x86
		{49808EC3-71C6-4E42-995D-E47CF4EA6C30}.AppStore|iPhoneSimulator.ActiveCfg = Release|x86
		{49808EC3-71C6-4E42-995D-E47CF4EA6C30}.AppStore|iPhoneSimulator.Build.0 = Release|x86
		{49808EC3-71C6-4E42-995D-E47CF4EA6C30}.AppStore|iPhoneSimulator.Deploy.0 = Release|x86
		{49808EC3-71C6-4E42-995D-E47CF4EA6C30}.AppStore|x64.ActiveCfg = Release|x64
		{49808EC3-71C6-4E42-995D-E47CF4EA6C30}.AppStore|x64.Build.0 = Release|x64
		{49808EC3-71C6-4E42-995D-E47CF4EA6C30}.AppStore|x64.Deploy.0 = Release|x64
		{49808EC3-71C6-4E42-995D-E47CF4EA6C30}.AppStore|x86.ActiveCfg = Release|x86
		{49808EC3-71C6-4E42-995D-E47CF4EA6C30}.AppStore|x86.Build.0 = Release|x86
		{49808EC3-71C6-4E42-995D-E47CF4EA6C30}.AppStore|x86.Deploy.0 = Release|x86
		{49808EC3-71C6-4E42-995D-E47CF4EA6C30}.Debug|Any CPU.ActiveCfg = Debug|x86
		{49808EC3-71C6-4E42-995D-E47CF4EA6C30}.Debug|Any CPU.Build.0 = Debug|x86
		{49808EC3-71C6-4E42-995D-E47CF4EA6C30}.Debug|Any CPU.Deploy.0 = Debug|x86
		{49808EC3-71C6-4E42-995D-E47CF4EA6C30}.Debug|ARM.ActiveCfg = Debug|ARM
		{49808EC3-71C6-4E42-995D-E47CF4EA6C30}.Debug|ARM.Build.0 = Debug|ARM
		{49808EC3-71C6-4E42-995D-E47CF4EA6C30}.Debug|ARM.Deploy.0 = Debug|ARM
		{49808EC3-71C6-4E42-995D-E47CF4EA6C30}.Debug|iPhone.ActiveCfg = Debug|x86
		{49808EC3-71C6-4E42-995D-E47CF4EA6C30}.Debug|iPhone.Build.0 = Debug|x86
		{49808EC3-71C6-4E42-995D-E47CF4EA6C30}.Debug|iPhone.Deploy.0 = Debug|x86
		{49808EC3-71C6-4E42-995D-E47CF4EA6C30}.Debug|iPhoneSimulator.ActiveCfg = Debug|x86
		{49808EC3-71C6-4E42-995D-E47CF4EA6C30}.Debug|iPhoneSimulator.Build.0 = Debug|x86
		{49808EC3-71C6-4E42-995D-E47CF4EA6C30}.Debug|iPhoneSimulator.Deploy.0 = Debug|x86
		{49808EC3-71C6-4E42-995D-E47CF4EA6C30}.Debug|x64.ActiveCfg = Debug|x64
		{49808EC3-71C6-4E42-995D-E47CF4EA6C30}.Debug|x64.Build.0 = Debug|x64
		{49808EC3-71C6-4E42-995D-E47CF4EA6C30}.Debug|x64.Deploy.0 = Debug|x64
		{49808EC3-71C6-4E42-995D-E47CF4EA6C30}.Debug|x86.ActiveCfg = Debug|x86
		{49808EC3-71C6-4E42-995D-E47CF4EA6C30}.Debug|x86.Build.0 = Debug|x86
		{49808EC3-71C6-4E42-995D-E47CF4EA6C30}.Debug|x86.Deploy.0 = Debug|x86
		{49808EC3-71C6-4E42-995D-E47CF4EA6C30}.Release|Any CPU.ActiveCfg = Release|x86
		{49808EC3-71C6-4E42-995D-E47CF4EA6C30}.Release|Any CPU.Build.0 = Release|x86
		{49808EC3-71C6-4E42-995D-E47CF4EA6C30}.Release|Any CPU.Deploy.0 = Release|x86
		{49808EC3-71C6-4E42-995D-E47CF4EA6C30}.Release|ARM.ActiveCfg = Release|ARM
		{49808EC3-71C6-4E42-995D-E47CF4EA6C30}.Release|ARM.Build.0 = Release|ARM
		{49808EC3-71C6-4E42-995D-E47CF4EA6C30}.Release|ARM.Deploy.0 = Release|ARM
		{49808EC3-71C6-4E42-995D-E47CF4EA6C30}.Release|iPhone.ActiveCfg = Release|x86
		{49808EC3-71C6-4E42-995D-E47CF4EA6C30}.Release|iPhone.Build.0 = Release|x86
		{49808EC3-71C6-4E42-995D-E47CF4EA6C30}.Release|iPhone.Deploy.0 = Release|x86
		{49808EC3-71C6-4E42-995D-E47CF4EA6C30}.Release|iPhoneSimulator.ActiveCfg = Release|x86
		{49808EC3-71C6-4E42-995D-E47CF4EA6C30}.Release|iPhoneSimulator.Build.0 = Release|x86
		{49808EC3-71C6-4E42-995D-E47CF4EA6C30}.Release|iPhoneSimulator.Deploy.0 = Release|x86
		{49808EC3-71C6-4E42-995D-E47CF4EA6C30}.Release|x64.ActiveCfg = Release|x64
		{49808EC3-71C6-4E42-995D-E47CF4EA6C30}.Release|x64.Build.0 = Release|x64
		{49808EC3-71C6-4E42-995D-E47CF4EA6C30}.Release|x64.Deploy.0 = Release|x64
		{49808EC3-71C6-4E42-995D-E47CF4EA6C30}.Release|x86.ActiveCfg = Release|x86
		{49808EC3-71C6-4E42-995D-E47CF4EA6C30}.Release|x86.Build.0 = Release|x86
		{49808EC3-71C6-4E42-995D-E47CF4EA6C30}.Release|x86.Deploy.0 = Release|x86
		{77F44C25-20A4-44C5-A119-BE1837AB59DB}.Ad-Hoc|Any CPU.ActiveCfg = Debug|Any CPU
		{77F44C25-20A4-44C5-A119-BE1837AB59DB}.Ad-Hoc|Any CPU.Build.0 = Debug|Any CPU
		{77F44C25-20A4-44C5-A119-BE1837AB59DB}.Ad-Hoc|Any CPU.Deploy.0 = Debug|Any CPU
		{77F44C25-20A4-44C5-A119-BE1837AB59DB}.Ad-Hoc|ARM.ActiveCfg = Debug|Any CPU
		{77F44C25-20A4-44C5-A119-BE1837AB59DB}.Ad-Hoc|ARM.Build.0 = Debug|Any CPU
		{77F44C25-20A4-44C5-A119-BE1837AB59DB}.Ad-Hoc|ARM.Deploy.0 = Debug|Any CPU
		{77F44C25-20A4-44C5-A119-BE1837AB59DB}.Ad-Hoc|iPhone.ActiveCfg = Debug|Any CPU
		{77F44C25-20A4-44C5-A119-BE1837AB59DB}.Ad-Hoc|iPhone.Build.0 = Debug|Any CPU
		{77F44C25-20A4-44C5-A119-BE1837AB59DB}.Ad-Hoc|iPhone.Deploy.0 = Debug|Any CPU
		{77F44C25-20A4-44C5-A119-BE1837AB59DB}.Ad-Hoc|iPhoneSimulator.ActiveCfg = Debug|Any CPU
		{77F44C25-20A4-44C5-A119-BE1837AB59DB}.Ad-Hoc|iPhoneSimulator.Build.0 = Debug|Any CPU
		{77F44C25-20A4-44C5-A119-BE1837AB59DB}.Ad-Hoc|iPhoneSimulator.Deploy.0 = Debug|Any CPU
		{77F44C25-20A4-44C5-A119-BE1837AB59DB}.Ad-Hoc|x64.ActiveCfg = Debug|Any CPU
		{77F44C25-20A4-44C5-A119-BE1837AB59DB}.Ad-Hoc|x64.Build.0 = Debug|Any CPU
		{77F44C25-20A4-44C5-A119-BE1837AB59DB}.Ad-Hoc|x64.Deploy.0 = Debug|Any CPU
		{77F44C25-20A4-44C5-A119-BE1837AB59DB}.Ad-Hoc|x86.ActiveCfg = Debug|Any CPU
		{77F44C25-20A4-44C5-A119-BE1837AB59DB}.Ad-Hoc|x86.Build.0 = Debug|Any CPU
		{77F44C25-20A4-44C5-A119-BE1837AB59DB}.Ad-Hoc|x86.Deploy.0 = Debug|Any CPU
		{77F44C25-20A4-44C5-A119-BE1837AB59DB}.AppStore|Any CPU.ActiveCfg = Debug|Any CPU
		{77F44C25-20A4-44C5-A119-BE1837AB59DB}.AppStore|Any CPU.Build.0 = Debug|Any CPU
		{77F44C25-20A4-44C5-A119-BE1837AB59DB}.AppStore|Any CPU.Deploy.0 = Debug|Any CPU
		{77F44C25-20A4-44C5-A119-BE1837AB59DB}.AppStore|ARM.ActiveCfg = Debug|Any CPU
		{77F44C25-20A4-44C5-A119-BE1837AB59DB}.AppStore|ARM.Build.0 = Debug|Any CPU
		{77F44C25-20A4-44C5-A119-BE1837AB59DB}.AppStore|ARM.Deploy.0 = Debug|Any CPU
		{77F44C25-20A4-44C5-A119-BE1837AB59DB}.AppStore|iPhone.ActiveCfg = Debug|Any CPU
		{77F44C25-20A4-44C5-A119-BE1837AB59DB}.AppStore|iPhone.Build.0 = Debug|Any CPU
		{77F44C25-20A4-44C5-A119-BE1837AB59DB}.AppStore|iPhone.Deploy.0 = Debug|Any CPU
		{77F44C25-20A4-44C5-A119-BE1837AB59DB}.AppStore|iPhoneSimulator.ActiveCfg = Debug|Any CPU
		{77F44C25-20A4-44C5-A119-BE1837AB59DB}.AppStore|iPhoneSimulator.Build.0 = Debug|Any CPU
		{77F44C25-20A4-44C5-A119-BE1837AB59DB}.AppStore|iPhoneSimulator.Deploy.0 = Debug|Any CPU
		{77F44C25-20A4-44C5-A119-BE1837AB59DB}.AppStore|x64.ActiveCfg = Debug|Any CPU
		{77F44C25-20A4-44C5-A119-BE1837AB59DB}.AppStore|x64.Build.0 = Debug|Any CPU
		{77F44C25-20A4-44C5-A119-BE1837AB59DB}.AppStore|x64.Deploy.0 = Debug|Any CPU
		{77F44C25-20A4-44C5-A119-BE1837AB59DB}.AppStore|x86.ActiveCfg = Debug|Any CPU
		{77F44C25-20A4-44C5-A119-BE1837AB59DB}.AppStore|x86.Build.0 = Debug|Any CPU
		{77F44C25-20A4-44C5-A119-BE1837AB59DB}.AppStore|x86.Deploy.0 = Debug|Any CPU
		{77F44C25-20A4-44C5-A119-BE1837AB59DB}.Debug|Any CPU.ActiveCfg = Debug|Any CPU
		{77F44C25-20A4-44C5-A119-BE1837AB59DB}.Debug|Any CPU.Build.0 = Debug|Any CPU
		{77F44C25-20A4-44C5-A119-BE1837AB59DB}.Debug|Any CPU.Deploy.0 = Debug|Any CPU
		{77F44C25-20A4-44C5-A119-BE1837AB59DB}.Debug|ARM.ActiveCfg = Debug|Any CPU
		{77F44C25-20A4-44C5-A119-BE1837AB59DB}.Debug|ARM.Build.0 = Debug|Any CPU
		{77F44C25-20A4-44C5-A119-BE1837AB59DB}.Debug|ARM.Deploy.0 = Debug|Any CPU
		{77F44C25-20A4-44C5-A119-BE1837AB59DB}.Debug|iPhone.ActiveCfg = Debug|Any CPU
		{77F44C25-20A4-44C5-A119-BE1837AB59DB}.Debug|iPhone.Build.0 = Debug|Any CPU
		{77F44C25-20A4-44C5-A119-BE1837AB59DB}.Debug|iPhone.Deploy.0 = Debug|Any CPU
		{77F44C25-20A4-44C5-A119-BE1837AB59DB}.Debug|iPhoneSimulator.ActiveCfg = Debug|Any CPU
		{77F44C25-20A4-44C5-A119-BE1837AB59DB}.Debug|iPhoneSimulator.Build.0 = Debug|Any CPU
		{77F44C25-20A4-44C5-A119-BE1837AB59DB}.Debug|iPhoneSimulator.Deploy.0 = Debug|Any CPU
		{77F44C25-20A4-44C5-A119-BE1837AB59DB}.Debug|x64.ActiveCfg = Debug|Any CPU
		{77F44C25-20A4-44C5-A119-BE1837AB59DB}.Debug|x64.Build.0 = Debug|Any CPU
		{77F44C25-20A4-44C5-A119-BE1837AB59DB}.Debug|x64.Deploy.0 = Debug|Any CPU
		{77F44C25-20A4-44C5-A119-BE1837AB59DB}.Debug|x86.ActiveCfg = Debug|Any CPU
		{77F44C25-20A4-44C5-A119-BE1837AB59DB}.Debug|x86.Build.0 = Debug|Any CPU
		{77F44C25-20A4-44C5-A119-BE1837AB59DB}.Debug|x86.Deploy.0 = Debug|Any CPU
		{77F44C25-20A4-44C5-A119-BE1837AB59DB}.Release|Any CPU.ActiveCfg = Release|Any CPU
		{77F44C25-20A4-44C5-A119-BE1837AB59DB}.Release|Any CPU.Build.0 = Release|Any CPU
		{77F44C25-20A4-44C5-A119-BE1837AB59DB}.Release|Any CPU.Deploy.0 = Release|Any CPU
		{77F44C25-20A4-44C5-A119-BE1837AB59DB}.Release|ARM.ActiveCfg = Release|Any CPU
		{77F44C25-20A4-44C5-A119-BE1837AB59DB}.Release|ARM.Build.0 = Release|Any CPU
		{77F44C25-20A4-44C5-A119-BE1837AB59DB}.Release|ARM.Deploy.0 = Release|Any CPU
		{77F44C25-20A4-44C5-A119-BE1837AB59DB}.Release|iPhone.ActiveCfg = Release|Any CPU
		{77F44C25-20A4-44C5-A119-BE1837AB59DB}.Release|iPhone.Build.0 = Release|Any CPU
		{77F44C25-20A4-44C5-A119-BE1837AB59DB}.Release|iPhone.Deploy.0 = Release|Any CPU
		{77F44C25-20A4-44C5-A119-BE1837AB59DB}.Release|iPhoneSimulator.ActiveCfg = Release|Any CPU
		{77F44C25-20A4-44C5-A119-BE1837AB59DB}.Release|iPhoneSimulator.Build.0 = Release|Any CPU
		{77F44C25-20A4-44C5-A119-BE1837AB59DB}.Release|iPhoneSimulator.Deploy.0 = Release|Any CPU
		{77F44C25-20A4-44C5-A119-BE1837AB59DB}.Release|x64.ActiveCfg = Release|Any CPU
		{77F44C25-20A4-44C5-A119-BE1837AB59DB}.Release|x64.Build.0 = Release|Any CPU
		{77F44C25-20A4-44C5-A119-BE1837AB59DB}.Release|x64.Deploy.0 = Release|Any CPU
		{77F44C25-20A4-44C5-A119-BE1837AB59DB}.Release|x86.ActiveCfg = Release|Any CPU
		{77F44C25-20A4-44C5-A119-BE1837AB59DB}.Release|x86.Build.0 = Release|Any CPU
		{77F44C25-20A4-44C5-A119-BE1837AB59DB}.Release|x86.Deploy.0 = Release|Any CPU
	EndGlobalSection
	GlobalSection(SolutionProperties) = preSolution
		HideSolutionNode = FALSE
	EndGlobalSection
	GlobalSection(ExtensibilityGlobals) = postSolution
		SolutionGuid = {31BA4BC9-1594-4969-93E7-B6088A2A1379}
	EndGlobalSection
EndGlobal
